
Microsoft Visual Studio Solution File, Format Version 12.00
# Visual Studio Version 16
VisualStudioVersion = 16.0.32228.343
MinimumVisualStudioVersion = 10.0.40219.1
Project("{FAE04EC0-301F-11D3-BF4B-00C04F79EFBC}") = "task", "task\task.csproj", "{B86E1336-8D94-4040-B576-D02E5D076131}"
EndProject
Project("{FAE04EC0-301F-11D3-BF4B-00C04F79EFBC}") = "TestProject1", "TestProject1\TestProject1.csproj", "{5D429132-FE6E-4323-A046-FFD84E637611}"
EndProject
Global
	GlobalSection(SolutionConfigurationPlatforms) = preSolution
		Debug|Any CPU = Debug|Any CPU
		Release|Any CPU = Release|Any CPU
	EndGlobalSection
	GlobalSection(ProjectConfigurationPlatforms) = postSolution
		{B86E1336-8D94-4040-B576-D02E5D076131}.Debug|Any CPU.ActiveCfg = Debug|Any CPU
		{B86E1336-8D94-4040-B576-D02E5D076131}.Debug|Any CPU.Build.0 = Debug|Any CPU
		{B86E1336-8D94-4040-B576-D02E5D076131}.Release|Any CPU.ActiveCfg = Release|Any CPU
		{B86E1336-8D94-4040-B576-D02E5D076131}.Release|Any CPU.Build.0 = Release|Any CPU
		{5D429132-FE6E-4323-A046-FFD84E637611}.Debug|Any CPU.ActiveCfg = Debug|Any CPU
		{5D429132-FE6E-4323-A046-FFD84E637611}.Debug|Any CPU.Build.0 = Debug|Any CPU
		{5D429132-FE6E-4323-A046-FFD84E637611}.Release|Any CPU.ActiveCfg = Release|Any CPU
		{5D429132-FE6E-4323-A046-FFD84E637611}.Release|Any CPU.Build.0 = Release|Any CPU
	EndGlobalSection
	GlobalSection(SolutionProperties) = preSolution
		HideSolutionNode = FALSE
	EndGlobalSection
	GlobalSection(ExtensibilityGlobals) = postSolution
		SolutionGuid = {94B29B1D-DEA9-4EE2-B0C9-3B4E19994198}
	EndGlobalSection
EndGlobal
